
Microsoft Visual Studio Solution File, Format Version 12.00
# Visual Studio 14
VisualStudioVersion = 14.0.24720.0
MinimumVisualStudioVersion = 10.0.40219.1
Project("{8BC9CEB8-8B4A-11D0-8D11-00A0C91BC942}") = "UI-SingleDocument", "UI-SingleDocument\UI-SingleDocument.vcxproj", "{2C736F78-1DFF-4B75-A8C9-C0A6DDEBA635}"
EndProject
Project("{8BC9CEB8-8B4A-11D0-8D11-00A0C91BC942}") = "UI-Dialog", "UI-Dialog\UI-Dialog.vcxproj", "{9325D5FF-55EE-4994-AAA1-2F30BC6FC6A2}"
EndProject
Project("{8BC9CEB8-8B4A-11D0-8D11-00A0C91BC942}") = "UI-Console", "UI-Console\UI-Console.vcxproj", "{5321598C-A191-45FF-94EA-7D1DC467DE9A}"
EndProject
Project("{2150E333-8FDC-42A3-9474-1A3956D46DE8}") = "界面交互", "界面交互", "{99302EB6-53AE-4B09-8410-A0124F98CB0C}"
EndProject
Project("{2150E333-8FDC-42A3-9474-1A3956D46DE8}") = "图像处理", "图像处理", "{08479A2A-36E1-431B-95C5-A8014EC7AED6}"
EndProject
Project("{2150E333-8FDC-42A3-9474-1A3956D46DE8}") = "图形渲染", "图形渲染", "{65ABAB8A-F505-4D45-B13F-E9B193344FF6}"
EndProject
Project("{8BC9CEB8-8B4A-11D0-8D11-00A0C91BC942}") = "JZBaseImageProcess", "JZBaseImageProcess\JZBaseImageProcess.vcxproj", "{94A5222D-2642-4E25-85F3-F22F2074456F}"
EndProject
Project("{8BC9CEB8-8B4A-11D0-8D11-00A0C91BC942}") = "JZBaseRender", "JZBaseRender\JZBaseRender.vcxproj", "{293718B7-78FF-444C-A574-6DB4B2E486B1}"
EndProject
Project("{8BC9CEB8-8B4A-11D0-8D11-00A0C91BC942}") = "JZImageSmooth", "JZImageSmooth\JZImageSmooth.vcxproj", "{D8B3AB0B-01F0-4E61-96CF-551682271E2D}"
EndProject
Global
	GlobalSection(SolutionConfigurationPlatforms) = preSolution
		Debug|x64 = Debug|x64
		Debug|x86 = Debug|x86
		Release|x64 = Release|x64
		Release|x86 = Release|x86
	EndGlobalSection
	GlobalSection(ProjectConfigurationPlatforms) = postSolution
		{2C736F78-1DFF-4B75-A8C9-C0A6DDEBA635}.Debug|x64.ActiveCfg = Debug|x64
		{2C736F78-1DFF-4B75-A8C9-C0A6DDEBA635}.Debug|x64.Build.0 = Debug|x64
		{2C736F78-1DFF-4B75-A8C9-C0A6DDEBA635}.Debug|x86.ActiveCfg = Debug|Win32
		{2C736F78-1DFF-4B75-A8C9-C0A6DDEBA635}.Debug|x86.Build.0 = Debug|Win32
		{2C736F78-1DFF-4B75-A8C9-C0A6DDEBA635}.Release|x64.ActiveCfg = Release|x64
		{2C736F78-1DFF-4B75-A8C9-C0A6DDEBA635}.Release|x64.Build.0 = Release|x64
		{2C736F78-1DFF-4B75-A8C9-C0A6DDEBA635}.Release|x86.ActiveCfg = Release|Win32
		{2C736F78-1DFF-4B75-A8C9-C0A6DDEBA635}.Release|x86.Build.0 = Release|Win32
		{9325D5FF-55EE-4994-AAA1-2F30BC6FC6A2}.Debug|x64.ActiveCfg = Debug|x64
		{9325D5FF-55EE-4994-AAA1-2F30BC6FC6A2}.Debug|x64.Build.0 = Debug|x64
		{9325D5FF-55EE-4994-AAA1-2F30BC6FC6A2}.Debug|x86.ActiveCfg = Debug|Win32
		{9325D5FF-55EE-4994-AAA1-2F30BC6FC6A2}.Debug|x86.Build.0 = Debug|Win32
		{9325D5FF-55EE-4994-AAA1-2F30BC6FC6A2}.Release|x64.ActiveCfg = Release|x64
		{9325D5FF-55EE-4994-AAA1-2F30BC6FC6A2}.Release|x64.Build.0 = Release|x64
		{9325D5FF-55EE-4994-AAA1-2F30BC6FC6A2}.Release|x86.ActiveCfg = Release|Win32
		{9325D5FF-55EE-4994-AAA1-2F30BC6FC6A2}.Release|x86.Build.0 = Release|Win32
		{5321598C-A191-45FF-94EA-7D1DC467DE9A}.Debug|x64.ActiveCfg = Debug|x64
		{5321598C-A191-45FF-94EA-7D1DC467DE9A}.Debug|x64.Build.0 = Debug|x64
		{5321598C-A191-45FF-94EA-7D1DC467DE9A}.Debug|x86.ActiveCfg = Debug|Win32
		{5321598C-A191-45FF-94EA-7D1DC467DE9A}.Debug|x86.Build.0 = Debug|Win32
		{5321598C-A191-45FF-94EA-7D1DC467DE9A}.Release|x64.ActiveCfg = Release|x64
		{5321598C-A191-45FF-94EA-7D1DC467DE9A}.Release|x64.Build.0 = Release|x64
		{5321598C-A191-45FF-94EA-7D1DC467DE9A}.Release|x86.ActiveCfg = Release|Win32
		{5321598C-A191-45FF-94EA-7D1DC467DE9A}.Release|x86.Build.0 = Release|Win32
		{94A5222D-2642-4E25-85F3-F22F2074456F}.Debug|x64.ActiveCfg = Debug|x64
		{94A5222D-2642-4E25-85F3-F22F2074456F}.Debug|x64.Build.0 = Debug|x64
		{94A5222D-2642-4E25-85F3-F22F2074456F}.Debug|x86.ActiveCfg = Debug|Win32
		{94A5222D-2642-4E25-85F3-F22F2074456F}.Debug|x86.Build.0 = Debug|Win32
		{94A5222D-2642-4E25-85F3-F22F2074456F}.Release|x64.ActiveCfg = Release|x64
		{94A5222D-2642-4E25-85F3-F22F2074456F}.Release|x64.Build.0 = Release|x64
		{94A5222D-2642-4E25-85F3-F22F2074456F}.Release|x86.ActiveCfg = Release|Win32
		{94A5222D-2642-4E25-85F3-F22F2074456F}.Release|x86.Build.0 = Release|Win32
		{293718B7-78FF-444C-A574-6DB4B2E486B1}.Debug|x64.ActiveCfg = Debug|x64
		{293718B7-78FF-444C-A574-6DB4B2E486B1}.Debug|x64.Build.0 = Debug|x64
		{293718B7-78FF-444C-A574-6DB4B2E486B1}.Debug|x86.ActiveCfg = Debug|Win32
		{293718B7-78FF-444C-A574-6DB4B2E486B1}.Debug|x86.Build.0 = Debug|Win32
		{293718B7-78FF-444C-A574-6DB4B2E486B1}.Release|x64.ActiveCfg = Release|x64
		{293718B7-78FF-444C-A574-6DB4B2E486B1}.Release|x64.Build.0 = Release|x64
		{293718B7-78FF-444C-A574-6DB4B2E486B1}.Release|x86.ActiveCfg = Release|Win32
		{293718B7-78FF-444C-A574-6DB4B2E486B1}.Release|x86.Build.0 = Release|Win32
		{D8B3AB0B-01F0-4E61-96CF-551682271E2D}.Debug|x64.ActiveCfg = Debug|x64
		{D8B3AB0B-01F0-4E61-96CF-551682271E2D}.Debug|x64.Build.0 = Debug|x64
		{D8B3AB0B-01F0-4E61-96CF-551682271E2D}.Debug|x86.ActiveCfg = Debug|Win32
		{D8B3AB0B-01F0-4E61-96CF-551682271E2D}.Debug|x86.Build.0 = Debug|Win32
		{D8B3AB0B-01F0-4E61-96CF-551682271E2D}.Release|x64.ActiveCfg = Release|x64
		{D8B3AB0B-01F0-4E61-96CF-551682271E2D}.Release|x64.Build.0 = Release|x64
		{D8B3AB0B-01F0-4E61-96CF-551682271E2D}.Release|x86.ActiveCfg = Release|Win32
		{D8B3AB0B-01F0-4E61-96CF-551682271E2D}.Release|x86.Build.0 = Release|Win32
	EndGlobalSection
	GlobalSection(SolutionProperties) = preSolution
		HideSolutionNode = FALSE
	EndGlobalSection
	GlobalSection(NestedProjects) = preSolution
		{2C736F78-1DFF-4B75-A8C9-C0A6DDEBA635} = {99302EB6-53AE-4B09-8410-A0124F98CB0C}
		{9325D5FF-55EE-4994-AAA1-2F30BC6FC6A2} = {99302EB6-53AE-4B09-8410-A0124F98CB0C}
		{5321598C-A191-45FF-94EA-7D1DC467DE9A} = {99302EB6-53AE-4B09-8410-A0124F98CB0C}
		{94A5222D-2642-4E25-85F3-F22F2074456F} = {08479A2A-36E1-431B-95C5-A8014EC7AED6}
		{293718B7-78FF-444C-A574-6DB4B2E486B1} = {65ABAB8A-F505-4D45-B13F-E9B193344FF6}
		{D8B3AB0B-01F0-4E61-96CF-551682271E2D} = {08479A2A-36E1-431B-95C5-A8014EC7AED6}
	EndGlobalSection
EndGlobal
